# This file is automatically @generated by Cargo.
# It is not intended for manual editing.
version = 3

[[package]]
name = "bincode"
version = "2.0.0-rc.2"
source = "registry+https://github.com/rust-lang/crates.io-index"
checksum = "7bb50c5a2ef4b9b1e7ae73e3a73b52ea24b20312d629f9c4df28260b7ad2c3c4"
dependencies = [
 "bincode_derive",
]

[[package]]
name = "bincode_derive"
version = "2.0.0-rc.2"
source = "registry+https://github.com/rust-lang/crates.io-index"
checksum = "0a45a23389446d2dd25dc8e73a7a3b3c43522b630cac068927f0649d43d719d2"
dependencies = [
 "virtue",
]

[[package]]
name = "pactlers-lib"
version = "0.1.0"
dependencies = [
 "bincode",
]

[[package]]
name = "virtue"
version = "0.0.8"
source = "registry+https://github.com/rust-lang/crates.io-index"
checksum = "7b60dcd6a64dd45abf9bd426970c9843726da7fc08f44cd6fcebf68c21220a63"
